// !$*UTF8*$!
{
	archiveVersion = 1;
	classes = {
	};
	objectVersion = 48;
	objects = {

/* Begin PBXBuildFile section */
		84282C80204F83110040BC7A /* AppDelegate.swift in Sources */ = {isa = PBXBuildFile; fileRef = 84282C7F204F83110040BC7A /* AppDelegate.swift */; };
		84282C82204F83110040BC7A /* DailyTasksViewController.swift in Sources */ = {isa = PBXBuildFile; fileRef = 84282C81204F83110040BC7A /* DailyTasksViewController.swift */; };
		84282C87204F83110040BC7A /* Assets.xcassets in Resources */ = {isa = PBXBuildFile; fileRef = 84282C86204F83110040BC7A /* Assets.xcassets */; };
		84282C8A204F83110040BC7A /* LaunchScreen.storyboard in Resources */ = {isa = PBXBuildFile; fileRef = 84282C88204F83110040BC7A /* LaunchScreen.storyboard */; };
		84282C92204F840A0040BC7A /* UIColor+theme.swift in Sources */ = {isa = PBXBuildFile; fileRef = 84282C91204F840A0040BC7A /* UIColor+theme.swift */; };
		84282C96204F97470040BC7A /* CreateDailyTaskViewController.swift in Sources */ = {isa = PBXBuildFile; fileRef = 84282C95204F97470040BC7A /* CreateDailyTaskViewController.swift */; };
		845F080420514BF500FF2673 /* TaskModelCoreData.xcdatamodeld in Sources */ = {isa = PBXBuildFile; fileRef = 845F080220514BF500FF2673 /* TaskModelCoreData.xcdatamodeld */; };
		848977C6205DA26800C64319 /* DailyTaskListCell.swift in Sources */ = {isa = PBXBuildFile; fileRef = 848977C5205DA26800C64319 /* DailyTaskListCell.swift */; };
		84C58B4E205187F8009F3E91 /* CoreDataManager.swift in Sources */ = {isa = PBXBuildFile; fileRef = 84C58B4D205187F8009F3E91 /* CoreDataManager.swift */; };
		84C58B522051E8BD009F3E91 /* DailyTasksViewController+UITableView.swift in Sources */ = {isa = PBXBuildFile; fileRef = 84C58B512051E8BD009F3E91 /* DailyTasksViewController+UITableView.swift */; };
		84C58B5720545282009F3E91 /* Cutomizations.swift in Sources */ = {isa = PBXBuildFile; fileRef = 84C58B5620545282009F3E91 /* Cutomizations.swift */; };
/* End PBXBuildFile section */

/* Begin PBXFileReference section */
		84282C7C204F83110040BC7A /* Daily Flow Chart.app */ = {isa = PBXFileReference; explicitFileType = wrapper.application; includeInIndex = 0; path = "Daily Flow Chart.app"; sourceTree = BUILT_PRODUCTS_DIR; };
		84282C7F204F83110040BC7A /* AppDelegate.swift */ = {isa = PBXFileReference; lastKnownFileType = sourcecode.swift; path = AppDelegate.swift; sourceTree = "<group>"; };
		84282C81204F83110040BC7A /* DailyTasksViewController.swift */ = {isa = PBXFileReference; lastKnownFileType = sourcecode.swift; path = DailyTasksViewController.swift; sourceTree = "<group>"; };
		84282C86204F83110040BC7A /* Assets.xcassets */ = {isa = PBXFileReference; lastKnownFileType = folder.assetcatalog; path = Assets.xcassets; sourceTree = "<group>"; };
		84282C89204F83110040BC7A /* Base */ = {isa = PBXFileReference; lastKnownFileType = file.storyboard; name = Base; path = Base.lproj/LaunchScreen.storyboard; sourceTree = "<group>"; };
		84282C8B204F83110040BC7A /* Info.plist */ = {isa = PBXFileReference; lastKnownFileType = text.plist.xml; path = Info.plist; sourceTree = "<group>"; };
		84282C91204F840A0040BC7A /* UIColor+theme.swift */ = {isa = PBXFileReference; lastKnownFileType = sourcecode.swift; path = "UIColor+theme.swift"; sourceTree = "<group>"; };
		84282C95204F97470040BC7A /* CreateDailyTaskViewController.swift */ = {isa = PBXFileReference; lastKnownFileType = sourcecode.swift; path = CreateDailyTaskViewController.swift; sourceTree = "<group>"; };
		845F080320514BF500FF2673 /* TaskModelCoreData.xcdatamodel */ = {isa = PBXFileReference; lastKnownFileType = wrapper.xcdatamodel; path = TaskModelCoreData.xcdatamodel; sourceTree = "<group>"; };
		848977C5205DA26800C64319 /* DailyTaskListCell.swift */ = {isa = PBXFileReference; lastKnownFileType = sourcecode.swift; path = DailyTaskListCell.swift; sourceTree = "<group>"; };
		84C58B4D205187F8009F3E91 /* CoreDataManager.swift */ = {isa = PBXFileReference; lastKnownFileType = sourcecode.swift; path = CoreDataManager.swift; sourceTree = "<group>"; };
		84C58B512051E8BD009F3E91 /* DailyTasksViewController+UITableView.swift */ = {isa = PBXFileReference; lastKnownFileType = sourcecode.swift; path = "DailyTasksViewController+UITableView.swift"; sourceTree = "<group>"; };
		84C58B5620545282009F3E91 /* Cutomizations.swift */ = {isa = PBXFileReference; lastKnownFileType = sourcecode.swift; path = Cutomizations.swift; sourceTree = "<group>"; };
/* End PBXFileReference section */

/* Begin PBXFrameworksBuildPhase section */
		84282C79204F83110040BC7A /* Frameworks */ = {
			isa = PBXFrameworksBuildPhase;
			buildActionMask = 2147483647;
			files = (
			);
			runOnlyForDeploymentPostprocessing = 0;
		};
/* End PBXFrameworksBuildPhase section */

/* Begin PBXGroup section */
		84282C73204F83110040BC7A = {
			isa = PBXGroup;
			children = (
				84282C7E204F83110040BC7A /* Daily Flow Chart */,
				84282C7D204F83110040BC7A /* Products */,
			);
			sourceTree = "<group>";
		};
		84282C7D204F83110040BC7A /* Products */ = {
			isa = PBXGroup;
			children = (
				84282C7C204F83110040BC7A /* Daily Flow Chart.app */,
			);
			name = Products;
			sourceTree = "<group>";
		};
		84282C7E204F83110040BC7A /* Daily Flow Chart */ = {
			isa = PBXGroup;
			children = (
				84C58B5620545282009F3E91 /* Cutomizations.swift */,
				84C58B552051EB26009F3E91 /* CoreData */,
				84C58B542051EB0C009F3E91 /* Misc */,
				84C58B532051EAF7009F3E91 /* DailyTasks */,
				84282C8B204F83110040BC7A /* Info.plist */,
				84282C91204F840A0040BC7A /* UIColor+theme.swift */,
				84282C95204F97470040BC7A /* CreateDailyTaskViewController.swift */,
			);
			path = "Daily Flow Chart";
			sourceTree = "<group>";
		};
		84C58B532051EAF7009F3E91 /* DailyTasks */ = {
			isa = PBXGroup;
			children = (
				84C58B512051E8BD009F3E91 /* DailyTasksViewController+UITableView.swift */,
				84282C81204F83110040BC7A /* DailyTasksViewController.swift */,
				848977C5205DA26800C64319 /* DailyTaskListCell.swift */,
			);
			path = DailyTasks;
			sourceTree = "<group>";
		};
		84C58B542051EB0C009F3E91 /* Misc */ = {
			isa = PBXGroup;
			children = (
				84282C88204F83110040BC7A /* LaunchScreen.storyboard */,
				84282C7F204F83110040BC7A /* AppDelegate.swift */,
				84282C86204F83110040BC7A /* Assets.xcassets */,
			);
			path = Misc;
			sourceTree = "<group>";
		};
		84C58B552051EB26009F3E91 /* CoreData */ = {
			isa = PBXGroup;
			children = (
				84C58B4D205187F8009F3E91 /* CoreDataManager.swift */,
				845F080220514BF500FF2673 /* TaskModelCoreData.xcdatamodeld */,
			);
			path = CoreData;
			sourceTree = "<group>";
		};
/* End PBXGroup section */

/* Begin PBXNativeTarget section */
		84282C7B204F83110040BC7A /* Daily Flow Chart */ = {
			isa = PBXNativeTarget;
			buildConfigurationList = 84282C8E204F83110040BC7A /* Build configuration list for PBXNativeTarget "Daily Flow Chart" */;
			buildPhases = (
				84282C78204F83110040BC7A /* Sources */,
				84282C79204F83110040BC7A /* Frameworks */,
				84282C7A204F83110040BC7A /* Resources */,
			);
			buildRules = (
			);
			dependencies = (
			);
			name = "Daily Flow Chart";
			productName = "Daily Flow Chart";
			productReference = 84282C7C204F83110040BC7A /* Daily Flow Chart.app */;
			productType = "com.apple.product-type.application";
		};
/* End PBXNativeTarget section */

/* Begin PBXProject section */
		84282C74204F83110040BC7A /* Project object */ = {
			isa = PBXProject;
			attributes = {
				LastSwiftUpdateCheck = 0920;
				LastUpgradeCheck = 0920;
				ORGANIZATIONNAME = admin;
				TargetAttributes = {
					84282C7B204F83110040BC7A = {
						CreatedOnToolsVersion = 9.2;
						ProvisioningStyle = Automatic;
					};
				};
			};
			buildConfigurationList = 84282C77204F83110040BC7A /* Build configuration list for PBXProject "Daily Flow Chart" */;
			compatibilityVersion = "Xcode 8.0";
			developmentRegion = en;
			hasScannedForEncodings = 0;
			knownRegions = (
				en,
				Base,
			);
			mainGroup = 84282C73204F83110040BC7A;
			productRefGroup = 84282C7D204F83110040BC7A /* Products */;
			projectDirPath = "";
			projectRoot = "";
			targets = (
				84282C7B204F83110040BC7A /* Daily Flow Chart */,
			);
		};
/* End PBXProject section */

/* Begin PBXResourcesBuildPhase section */
		84282C7A204F83110040BC7A /* Resources */ = {
			isa = PBXResourcesBuildPhase;
			buildActionMask = 2147483647;
			files = (
				84282C8A204F83110040BC7A /* LaunchScreen.storyboard in Resources */,
				84282C87204F83110040BC7A /* Assets.xcassets in Resources */,
			);
			runOnlyForDeploymentPostprocessing = 0;
		};
/* End PBXResourcesBuildPhase section */

/* Begin PBXSourcesBuildPhase section */
		84282C78204F83110040BC7A /* Sources */ = {
			isa = PBXSourcesBuildPhase;
			buildActionMask = 2147483647;
			files = (
				84C58B4E205187F8009F3E91 /* CoreDataManager.swift in Sources */,
				845F080420514BF500FF2673 /* TaskModelCoreData.xcdatamodeld in Sources */,
				84282C92204F840A0040BC7A /* UIColor+theme.swift in Sources */,
				848977C6205DA26800C64319 /* DailyTaskListCell.swift in Sources */,
				84C58B522051E8BD009F3E91 /* DailyTasksViewController+UITableView.swift in Sources */,
				84282C82204F83110040BC7A /* DailyTasksViewController.swift in Sources */,
				84C58B5720545282009F3E91 /* Cutomizations.swift in Sources */,
				84282C80204F83110040BC7A /* AppDelegate.swift in Sources */,
				84282C96204F97470040BC7A /* CreateDailyTaskViewController.swift in Sources */,
			);
			runOnlyForDeploymentPostprocessing = 0;
		};
/* End PBXSourcesBuildPhase section */

/* Begin PBXVariantGroup section */
		84282C88204F83110040BC7A /* LaunchScreen.storyboard */ = {
			isa = PBXVariantGroup;
			children = (
				84282C89204F83110040BC7A /* Base */,
			);
			name = LaunchScreen.storyboard;
			sourceTree = "<group>";
		};
/* End PBXVariantGroup section */

/* Begin XCBuildConfiguration section */
		84282C8C204F83110040BC7A /* Debug */ = {
			isa = XCBuildConfiguration;
			buildSettings = {
				ALWAYS_SEARCH_USER_PATHS = NO;
				CLANG_ANALYZER_NONNULL = YES;
				CLANG_ANALYZER_NUMBER_OBJECT_CONVERSION = YES_AGGRESSIVE;
				CLANG_CXX_LANGUAGE_STANDARD = "gnu++14";
				CLANG_CXX_LIBRARY = "libc++";
				CLANG_ENABLE_MODULES = YES;
				CLANG_ENABLE_OBJC_ARC = YES;
				CLANG_WARN_BLOCK_CAPTURE_AUTORELEASING = YES;
				CLANG_WARN_BOOL_CONVERSION = YES;
				CLANG_WARN_COMMA = YES;
				CLANG_WARN_CONSTANT_CONVERSION = YES;
				CLANG_WARN_DIRECT_OBJC_ISA_USAGE = YES_ERROR;
				CLANG_WARN_DOCUMENTATION_COMMENTS = YES;
				CLANG_WARN_EMPTY_BODY = YES;
				CLANG_WARN_ENUM_CONVERSION = YES;
				CLANG_WARN_INFINITE_RECURSION = YES;
				CLANG_WARN_INT_CONVERSION = YES;
				CLANG_WARN_NON_LITERAL_NULL_CONVERSION = YES;
				CLANG_WARN_OBJC_LITERAL_CONVERSION = YES;
				CLANG_WARN_OBJC_ROOT_CLASS = YES_ERROR;
				CLANG_WARN_RANGE_LOOP_ANALYSIS = YES;
				CLANG_WARN_STRICT_PROTOTYPES = YES;
				CLANG_WARN_SUSPICIOUS_MOVE = YES;
				CLANG_WARN_UNGUARDED_AVAILABILITY = YES_AGGRESSIVE;
				CLANG_WARN_UNREACHABLE_CODE = YES;
				CLANG_WARN__DUPLICATE_METHOD_MATCH = YES;
				CODE_SIGN_IDENTITY = "iPhone Developer";
				COPY_PHASE_STRIP = NO;
				DEBUG_INFORMATION_FORMAT = dwarf;
				ENABLE_STRICT_OBJC_MSGSEND = YES;
				ENABLE_TESTABILITY = YES;
				GCC_C_LANGUAGE_STANDARD = gnu11;
				GCC_DYNAMIC_NO_PIC = NO;
				GCC_NO_COMMON_BLOCKS = YES;
				GCC_OPTIMIZATION_LEVEL = 0;
				GCC_PREPROCESSOR_DEFINITIONS = (
					"DEBUG=1",
					"$(inherited)",
				);
				GCC_WARN_64_TO_32_BIT_CONVERSION = YES;
				GCC_WARN_ABOUT_RETURN_TYPE = YES_ERROR;
				GCC_WARN_UNDECLARED_SELECTOR = YES;
				GCC_WARN_UNINITIALIZED_AUTOS = YES_AGGRESSIVE;
				GCC_WARN_UNUSED_FUNCTION = YES;
				GCC_WARN_UNUSED_VARIABLE = YES;
				IPHONEOS_DEPLOYMENT_TARGET = 11.2;
				MTL_ENABLE_DEBUG_INFO = YES;
				ONLY_ACTIVE_ARCH = YES;
				SDKROOT = iphoneos;
				SWIFT_ACTIVE_COMPILATION_CONDITIONS = DEBUG;
				SWIFT_OPTIMIZATION_LEVEL = "-Onone";
			};
			name = Debug;
		};
		84282C8D204F83110040BC7A /* Release */ = {
			isa = XCBuildConfiguration;
			buildSettings = {
				ALWAYS_SEARCH_USER_PATHS = NO;
				CLANG_ANALYZER_NONNULL = YES;
				CLANG_ANALYZER_NUMBER_OBJECT_CONVERSION = YES_AGGRESSIVE;
				CLANG_CXX_LANGUAGE_STANDARD = "gnu++14";
				CLANG_CXX_LIBRARY = "libc++";
				CLANG_ENABLE_MODULES = YES;
				CLANG_ENABLE_OBJC_ARC = YES;
				CLANG_WARN_BLOCK_CAPTURE_AUTORELEASING = YES;
				CLANG_WARN_BOOL_CONVERSION = YES;
				CLANG_WARN_COMMA = YES;
				CLANG_WARN_CONSTANT_CONVERSION = YES;
				CLANG_WARN_DIRECT_OBJC_ISA_USAGE = YES_ERROR;
				CLANG_WARN_DOCUMENTATION_COMMENTS = YES;
				CLANG_WARN_EMPTY_BODY = YES;
				CLANG_WARN_ENUM_CONVERSION = YES;
				CLANG_WARN_INFINITE_RECURSION = YES;
				CLANG_WARN_INT_CONVERSION = YES;
				CLANG_WARN_NON_LITERAL_NULL_CONVERSION = YES;
				CLANG_WARN_OBJC_LITERAL_CONVERSION = YES;
				CLANG_WARN_OBJC_ROOT_CLASS = YES_ERROR;
				CLANG_WARN_RANGE_LOOP_ANALYSIS = YES;
				CLANG_WARN_STRICT_PROTOTYPES = YES;
				CLANG_WARN_SUSPICIOUS_MOVE = YES;
				CLANG_WARN_UNGUARDED_AVAILABILITY = YES_AGGRESSIVE;
				CLANG_WARN_UNREACHABLE_CODE = YES;
				CLANG_WARN__DUPLICATE_METHOD_MATCH = YES;
				CODE_SIGN_IDENTITY = "iPhone Developer";
				COPY_PHASE_STRIP = NO;
				DEBUG_INFORMATION_FORMAT = "dwarf-with-dsym";
				ENABLE_NS_ASSERTIONS = NO;
				ENABLE_STRICT_OBJC_MSGSEND = YES;
				GCC_C_LANGUAGE_STANDARD = gnu11;
				GCC_NO_COMMON_BLOCKS = YES;
				GCC_WARN_64_TO_32_BIT_CONVERSION = YES;
				GCC_WARN_ABOUT_RETURN_TYPE = YES_ERROR;
				GCC_WARN_UNDECLARED_SELECTOR = YES;
				GCC_WARN_UNINITIALIZED_AUTOS = YES_AGGRESSIVE;
				GCC_WARN_UNUSED_FUNCTION = YES;
				GCC_WARN_UNUSED_VARIABLE = YES;
				IPHONEOS_DEPLOYMENT_TARGET = 11.2;
				MTL_ENABLE_DEBUG_INFO = NO;
				SDKROOT = iphoneos;
				SWIFT_OPTIMIZATION_LEVEL = "-Owholemodule";
				VALIDATE_PRODUCT = YES;
			};
			name = Release;
		};
		84282C8F204F83110040BC7A /* Debug */ = {
			isa = XCBuildConfiguration;
			buildSettings = {
				ASSETCATALOG_COMPILER_APPICON_NAME = AppIcon;
				CODE_SIGN_STYLE = Automatic;
				DEVELOPMENT_TEAM = S47KDE6E7N;
				INFOPLIST_FILE = "Daily Flow Chart/Info.plist";
				LD_RUNPATH_SEARCH_PATHS = "$(inherited) @executable_path/Frameworks";
				PRODUCT_BUNDLE_IDENTIFIER = "edu.asf.we.sa.Daily-Flow-Chart";
				PRODUCT_NAME = "$(TARGET_NAME)";
				SWIFT_VERSION = 4.0;
				TARGETED_DEVICE_FAMILY = "1,2";
			};
			name = Debug;
		};
		84282C90204F83110040BC7A /* Release */ = {
			isa = XCBuildConfiguration;
			buildSettings = {
				ASSETCATALOG_COMPILER_APPICON_NAME = AppIcon;
				CODE_SIGN_STYLE = Automatic;
				DEVELOPMENT_TEAM = S47KDE6E7N;
				INFOPLIST_FILE = "Daily Flow Chart/Info.plist";
				LD_RUNPATH_SEARCH_PATHS = "$(inherited) @executable_path/Frameworks";
				PRODUCT_BUNDLE_IDENTIFIER = "edu.asf.we.sa.Daily-Flow-Chart";
				PRODUCT_NAME = "$(TARGET_NAME)";
				SWIFT_VERSION = 4.0;
				TARGETED_DEVICE_FAMILY = "1,2";
			};
			name = Release;
		};
/* End XCBuildConfiguration section */

/* Begin XCConfigurationList section */
		84282C77204F83110040BC7A /* Build configuration list for PBXProject "Daily Flow Chart" */ = {
			isa = XCConfigurationList;
			buildConfigurations = (
				84282C8C204F83110040BC7A /* Debug */,
				84282C8D204F83110040BC7A /* Release */,
			);
			defaultConfigurationIsVisible = 0;
			defaultConfigurationName = Release;
		};
		84282C8E204F83110040BC7A /* Build configuration list for PBXNativeTarget "Daily Flow Chart" */ = {
			isa = XCConfigurationList;
			buildConfigurations = (
				84282C8F204F83110040BC7A /* Debug */,
				84282C90204F83110040BC7A /* Release */,
			);
			defaultConfigurationIsVisible = 0;
			defaultConfigurationName = Release;
		};
/* End XCConfigurationList section */

/* Begin XCVersionGroup section */
		845F080220514BF500FF2673 /* TaskModelCoreData.xcdatamodeld */ = {
			isa = XCVersionGroup;
			children = (
				845F080320514BF500FF2673 /* TaskModelCoreData.xcdatamodel */,
			);
			currentVersion = 845F080320514BF500FF2673 /* TaskModelCoreData.xcdatamodel */;
			path = TaskModelCoreData.xcdatamodeld;
			sourceTree = "<group>";
			versionGroupType = wrapper.xcdatamodel;
		};
/* End XCVersionGroup section */
	};
	rootObject = 84282C74204F83110040BC7A /* Project object */;
}
